
Microsoft Visual Studio Solution File, Format Version 12.00
# Visual Studio Version 17
VisualStudioVersion = 17.8.34525.116
MinimumVisualStudioVersion = 10.0.40219.1
Project("{FAE04EC0-301F-11D3-BF4B-00C04F79EFBC}") = "project-web-application-backend", "project-web-application-backend\project-web-application-backend.csproj", "{AB0BB2F1-91DD-4987-83EC-E3BF9799FB9E}"
EndProject
Global
	GlobalSection(SolutionConfigurationPlatforms) = preSolution
		Debug|Any CPU = Debug|Any CPU
		Release|Any CPU = Release|Any CPU
	EndGlobalSection
	GlobalSection(ProjectConfigurationPlatforms) = postSolution
		{AB0BB2F1-91DD-4987-83EC-E3BF9799FB9E}.Debug|Any CPU.ActiveCfg = Debug|Any CPU
		{AB0BB2F1-91DD-4987-83EC-E3BF9799FB9E}.Debug|Any CPU.Build.0 = Debug|Any CPU
		{AB0BB2F1-91DD-4987-83EC-E3BF9799FB9E}.Release|Any CPU.ActiveCfg = Release|Any CPU
		{AB0BB2F1-91DD-4987-83EC-E3BF9799FB9E}.Release|Any CPU.Build.0 = Release|Any CPU
	EndGlobalSection
	GlobalSection(SolutionProperties) = preSolution
		HideSolutionNode = FALSE
	EndGlobalSection
	GlobalSection(ExtensibilityGlobals) = postSolution
		SolutionGuid = {76E6AA7F-F261-40D7-BAD6-652C7A960FDB}
	EndGlobalSection
EndGlobal
